Microsoft Visual Studio Solution File, Format Version 12.00
# Visual Studio Version 17
VisualStudioVersion = 17.5.2.0
MinimumVisualStudioVersion = 10.0.40219.1
Project("{FAE04EC0-301F-11D3-BF4B-00C04F79EFBC}") = "week-2-assignment", "week-2-assignment.csproj", "{D4E4846C-D05C-7CF9-D48C-64991093C714}"
EndProject
Global
	GlobalSection(SolutionConfigurationPlatforms) = preSolution
		Debug|Any CPU = Debug|Any CPU
		Release|Any CPU = Release|Any CPU
	EndGlobalSection
	GlobalSection(ProjectConfigurationPlatforms) = postSolution
		{D4E4846C-D05C-7CF9-D48C-64991093C714}.Debug|Any CPU.ActiveCfg = Debug|Any CPU
		{D4E4846C-D05C-7CF9-D48C-64991093C714}.Debug|Any CPU.Build.0 = Debug|Any CPU
		{D4E4846C-D05C-7CF9-D48C-64991093C714}.Release|Any CPU.ActiveCfg = Release|Any CPU
		{D4E4846C-D05C-7CF9-D48C-64991093C714}.Release|Any CPU.Build.0 = Release|Any CPU
	EndGlobalSection
	GlobalSection(SolutionProperties) = preSolution
		HideSolutionNode = FALSE
	EndGlobalSection
	GlobalSection(ExtensibilityGlobals) = postSolution
		SolutionGuid = {BE2BE5C5-96A7-45C7-B566-4023B44CE967}
	EndGlobalSection
EndGlobal
